#
# This file is autogenerated by pip-compile with Python 3.12
# by the following command:
#
#    pip-compile --no-emit-index-url --no-index --output-file=requirements.lock --strip-extras pyproject.toml
#
annotated-doc==0.0.5
    # via fastapi
annotated-types==0.8.0
    # via pydantic
anthropic==0.125.0
    # via traininglogs (pyproject.toml)
anyio==4.15.1
    # via
    #   anthropic
    #   groq
    #   httpx
    #   starlette
certifi==2026.7.22
    # via
    #   httpcore
    #   httpx
cffi==2.1.1
    # via cryptography
click==8.5.0
    # via uvicorn
cryptography==50.0.2
    # via pyjwt
distro==1.9.0
    # via
    #   anthropic
    #   groq
docstring-parser==0.18.0
    # via anthropic
fastapi==0.142.2
    # via traininglogs (pyproject.toml)
groq==1.7.0
    # via traininglogs (pyproject.toml)
h11==0.16.0
    # via
    #   httpcore
    #   uvicorn
httpcore==1.0.9
    # via httpx
httpx==0.28.1
    # via
    #   anthropic
    #   groq
    #   traininglogs (pyproject.toml)
idna==3.20
    # via
    #   anyio
    #   httpx
jiter==0.17.0
    # via anthropic
opentelemetry-api==1.45.0
    # via fastapi
psycopg2-binary==2.9.13
    # via traininglogs (pyproject.toml)
pycparser==3.0
    # via cffi
pydantic==2.13.5
    # via
    #   anthropic
    #   fastapi
    #   groq
    #   traininglogs (pyproject.toml)
pydantic-core==2.46.5
    # via pydantic
pyjwt==2.15.1
    # via traininglogs (pyproject.toml)
python-dotenv==1.2.4
    # via traininglogs (pyproject.toml)
sniffio==1.3.1
    # via
    #   anthropic
    #   groq
starlette==1.7.0
    # via fastapi
typing-extensions==4.16.0
    # via
    #   anthropic
    #   anyio
    #   fastapi
    #   groq
    #   opentelemetry-api
    #   pydantic
    #   pydantic-core
    #   starlette
    #   typing-inspection
typing-inspection==0.4.4
    # via
    #   fastapi
    #   pydantic
uvicorn==0.54.0
    # via traininglogs (pyproject.toml)
